// !$*UTF8*$!
{
	archiveVersion = 1;
	classes = {
	};
	objectVersion = 46;
	objects = {

/* Begin PBXBuildFile section */
		05A4A9741E680E8600BF755C /* AppDelegate.swift in Sources */ = {isa = PBXBuildFile; fileRef = 05A4A9731E680E8600BF755C /* AppDelegate.swift */; };
		05A4A9791E680E8600BF755C /* Main.storyboard in Resources */ = {isa = PBXBuildFile; fileRef = 05A4A9771E680E8600BF755C /* Main.storyboard */; };
		05A4A97B1E680E8600BF755C /* Assets.xcassets in Resources */ = {isa = PBXBuildFile; fileRef = 05A4A97A1E680E8600BF755C /* Assets.xcassets */; };
		05A4A97E1E680E8600BF755C /* LaunchScreen.storyboard in Resources */ = {isa = PBXBuildFile; fileRef = 05A4A97C1E680E8600BF755C /* LaunchScreen.storyboard */; };
		05A4A9891E680E8600BF755C /* myImageTests.swift in Sources */ = {isa = PBXBuildFile; fileRef = 05A4A9881E680E8600BF755C /* myImageTests.swift */; };
		05A4A9941E680E8600BF755C /* myImageUITests.swift in Sources */ = {isa = PBXBuildFile; fileRef = 05A4A9931E680E8600BF755C /* myImageUITests.swift */; };
		05A4A9A91E68140E00BF755C /* LoginViewController.swift in Sources */ = {isa = PBXBuildFile; fileRef = 05A4A9A81E68140E00BF755C /* LoginViewController.swift */; };
		05A4A9AD1E68192C00BF755C /* GoogleService-Info.plist in Resources */ = {isa = PBXBuildFile; fileRef = 05A4A9AC1E68192C00BF755C /* GoogleService-Info.plist */; };
		327C3350B893B3067BB6DC23 /* Pods_myImageTests.framework in Frameworks */ = {isa = PBXBuildFile; fileRef = 5A08E7AE111F5F899ABA0B6D /* Pods_myImageTests.framework */; };
		B62DB59E0A8C6A8C1F42ADD2 /* Pods_myImage.framework in Frameworks */ = {isa = PBXBuildFile; fileRef = EFAC0C1AB263B8A53E7C1897 /* Pods_myImage.framework */; };
		E435F13A0B6E81448D24EFC3 /* Pods_myImageUITests.framework in Frameworks */ = {isa = PBXBuildFile; fileRef = F29DF72AD5EEC9B11B3E2019 /* Pods_myImageUITests.framework */; };
/* End PBXBuildFile section */

/* Begin PBXContainerItemProxy section */
		05A4A9851E680E8600BF755C /* PBXContainerItemProxy */ = {
			isa = PBXContainerItemProxy;
			containerPortal = 05A4A9681E680E8600BF755C /* Project object */;
			proxyType = 1;
			remoteGlobalIDString = 05A4A96F1E680E8600BF755C;
			remoteInfo = myImage;
		};
		05A4A9901E680E8600BF755C /* PBXContainerItemProxy */ = {
			isa = PBXContainerItemProxy;
			containerPortal = 05A4A9681E680E8600BF755C /* Project object */;
			proxyType = 1;
			remoteGlobalIDString = 05A4A96F1E680E8600BF755C;
			remoteInfo = myImage;
		};
/* End PBXContainerItemProxy section */

/* Begin PBXFileReference section */
		05A4A9701E680E8600BF755C /* myImage.app */ = {isa = PBXFileReference; explicitFileType = wrapper.application; includeInIndex = 0; path = myImage.app; sourceTree = BUILT_PRODUCTS_DIR; };
		05A4A9731E680E8600BF755C /* AppDelegate.swift */ = {isa = PBXFileReference; lastKnownFileType = sourcecode.swift; path = AppDelegate.swift; sourceTree = "<group>"; };
		05A4A9781E680E8600BF755C /* Base */ = {isa = PBXFileReference; lastKnownFileType = file.storyboard; name = Base; path = Base.lproj/Main.storyboard; sourceTree = "<group>"; };
		05A4A97A1E680E8600BF755C /* Assets.xcassets */ = {isa = PBXFileReference; lastKnownFileType = folder.assetcatalog; path = Assets.xcassets; sourceTree = "<group>"; };
		05A4A97D1E680E8600BF755C /* Base */ = {isa = PBXFileReference; lastKnownFileType = file.storyboard; name = Base; path = Base.lproj/LaunchScreen.storyboard; sourceTree = "<group>"; };
		05A4A97F1E680E8600BF755C /* Info.plist */ = {isa = PBXFileReference; lastKnownFileType = text.plist.xml; path = Info.plist; sourceTree = "<group>"; };
		05A4A9841E680E8600BF755C /* myImageTests.xctest */ = {isa = PBXFileReference; explicitFileType = wrapper.cfbundle; includeInIndex = 0; path = myImageTests.xctest; sourceTree = BUILT_PRODUCTS_DIR; };
		05A4A9881E680E8600BF755C /* myImageTests.swift */ = {isa = PBXFileReference; lastKnownFileType = sourcecode.swift; path = myImageTests.swift; sourceTree = "<group>"; };
		05A4A98A1E680E8600BF755C /* Info.plist */ = {isa = PBXFileReference; lastKnownFileType = text.plist.xml; path = Info.plist; sourceTree = "<group>"; };
		05A4A98F1E680E8600BF755C /* myImageUITests.xctest */ = {isa = PBXFileReference; explicitFileType = wrapper.cfbundle; includeInIndex = 0; path = myImageUITests.xctest; sourceTree = BUILT_PRODUCTS_DIR; };
		05A4A9931E680E8600BF755C /* myImageUITests.swift */ = {isa = PBXFileReference; lastKnownFileType = sourcecode.swift; path = myImageUITests.swift; sourceTree = "<group>"; };
		05A4A9951E680E8600BF755C /* Info.plist */ = {isa = PBXFileReference; lastKnownFileType = text.plist.xml; path = Info.plist; sourceTree = "<group>"; };
		05A4A9A81E68140E00BF755C /* LoginViewController.swift */ = {isa = PBXFileReference; fileEncoding = 4; lastKnownFileType = sourcecode.swift; path = LoginViewController.swift; sourceTree = "<group>"; };
		05A4A9AC1E68192C00BF755C /* GoogleService-Info.plist */ = {isa = PBXFileReference; fileEncoding = 4; lastKnownFileType = text.plist.xml; name = "GoogleService-Info.plist"; path = "../../../../Downloads/GoogleService-Info.plist"; sourceTree = "<group>"; };
		17C8D93C7DCD3C15D14C8D27 /* Pods-myImageUITests.release.xcconfig */ = {isa = PBXFileReference; includeInIndex = 1; lastKnownFileType = text.xcconfig; name = "Pods-myImageUITests.release.xcconfig"; path = "Pods/Target Support Files/Pods-myImageUITests/Pods-myImageUITests.release.xcconfig"; sourceTree = "<group>"; };
		2369AD3B2EEEF904703873CB /* Pods-myImageUITests.debug.xcconfig */ = {isa = PBXFileReference; includeInIndex = 1; lastKnownFileType = text.xcconfig; name = "Pods-myImageUITests.debug.xcconfig"; path = "Pods/Target Support Files/Pods-myImageUITests/Pods-myImageUITests.debug.xcconfig"; sourceTree = "<group>"; };
		47B7B4CD724BCD7A067262AD /* Pods-myImage.debug.xcconfig */ = {isa = PBXFileReference; includeInIndex = 1; lastKnownFileType = text.xcconfig; name = "Pods-myImage.debug.xcconfig"; path = "Pods/Target Support Files/Pods-myImage/Pods-myImage.debug.xcconfig"; sourceTree = "<group>"; };
		5A08E7AE111F5F899ABA0B6D /* Pods_myImageTests.framework */ = {isa = PBXFileReference; explicitFileType = wrapper.framework; includeInIndex = 0; path = Pods_myImageTests.framework; sourceTree = BUILT_PRODUCTS_DIR; };
		8FF96B9A66C4DAB5E0F59470 /* Pods-myImage.release.xcconfig */ = {isa = PBXFileReference; includeInIndex = 1; lastKnownFileType = text.xcconfig; name = "Pods-myImage.release.xcconfig"; path = "Pods/Target Support Files/Pods-myImage/Pods-myImage.release.xcconfig"; sourceTree = "<group>"; };
		E674B8BBEA5A42656856BF48 /* Pods-myImageTests.debug.xcconfig */ = {isa = PBXFileReference; includeInIndex = 1; lastKnownFileType = text.xcconfig; name = "Pods-myImageTests.debug.xcconfig"; path = "Pods/Target Support Files/Pods-myImageTests/Pods-myImageTests.debug.xcconfig"; sourceTree = "<group>"; };
		EDB282EB2B93A96C489B5997 /* Pods-myImageTests.release.xcconfig */ = {isa = PBXFileReference; includeInIndex = 1; lastKnownFileType = text.xcconfig; name = "Pods-myImageTests.release.xcconfig"; path = "Pods/Target Support Files/Pods-myImageTests/Pods-myImageTests.release.xcconfig"; sourceTree = "<group>"; };
		EFAC0C1AB263B8A53E7C1897 /* Pods_myImage.framework */ = {isa = PBXFileReference; explicitFileType = wrapper.framework; includeInIndex = 0; path = Pods_myImage.framework; sourceTree = BUILT_PRODUCTS_DIR; };
		F29DF72AD5EEC9B11B3E2019 /* Pods_myImageUITests.framework */ = {isa = PBXFileReference; explicitFileType = wrapper.framework; includeInIndex = 0; path = Pods_myImageUITests.framework; sourceTree = BUILT_PRODUCTS_DIR; };
/* End PBXFileReference section */

/* Begin PBXFrameworksBuildPhase section */
		05A4A96D1E680E8600BF755C /* Frameworks */ = {
			isa = PBXFrameworksBuildPhase;
			buildActionMask = 2147483647;
			files = (
				B62DB59E0A8C6A8C1F42ADD2 /* Pods_myImage.framework in Frameworks */,
			);
			runOnlyForDeploymentPostprocessing = 0;
		};
		05A4A9811E680E8600BF755C /* Frameworks */ = {
			isa = PBXFrameworksBuildPhase;
			buildActionMask = 2147483647;
			files = (
				327C3350B893B3067BB6DC23 /* Pods_myImageTests.framework in Frameworks */,
			);
			runOnlyForDeploymentPostprocessing = 0;
		};
		05A4A98C1E680E8600BF755C /* Frameworks */ = {
			isa = PBXFrameworksBuildPhase;
			buildActionMask = 2147483647;
			files = (
				E435F13A0B6E81448D24EFC3 /* Pods_myImageUITests.framework in Frameworks */,
			);
			runOnlyForDeploymentPostprocessing = 0;
		};
/* End PBXFrameworksBuildPhase section */

/* Begin PBXGroup section */
		05A4A9671E680E8600BF755C = {
			isa = PBXGroup;
			children = (
				05A4A9721E680E8600BF755C /* myImage */,
				05A4A9871E680E8600BF755C /* myImageTests */,
				05A4A9921E680E8600BF755C /* myImageUITests */,
				05A4A9711E680E8600BF755C /* Products */,
				B55D14EB0E9427631150865C /* Pods */,
				B58E608F9FA389DEA6EDA43F /* Frameworks */,
			);
			sourceTree = "<group>";
		};
		05A4A9711E680E8600BF755C /* Products */ = {
			isa = PBXGroup;
			children = (
				05A4A9701E680E8600BF755C /* myImage.app */,
				05A4A9841E680E8600BF755C /* myImageTests.xctest */,
				05A4A98F1E680E8600BF755C /* myImageUITests.xctest */,
			);
			name = Products;
			sourceTree = "<group>";
		};
		05A4A9721E680E8600BF755C /* myImage */ = {
			isa = PBXGroup;
			children = (
				05A4A9A11E68126D00BF755C /* Views */,
				05A4A9A21E68133400BF755C /* Extensions */,
				05A4A9A31E68133C00BF755C /* Controllers */,
				05A4A9A41E68134700BF755C /* Models */,
				05A4A9A51E68134C00BF755C /* Resources */,
				05A4A9A61E68135800BF755C /* ViewModels */,
				05A4A9A71E68136000BF755C /* Helpers */,
			);
			path = myImage;
			sourceTree = "<group>";
		};
		05A4A9871E680E8600BF755C /* myImageTests */ = {
			isa = PBXGroup;
			children = (
				05A4A9881E680E8600BF755C /* myImageTests.swift */,
				05A4A98A1E680E8600BF755C /* Info.plist */,
			);
			path = myImageTests;
			sourceTree = "<group>";
		};
		05A4A9921E680E8600BF755C /* myImageUITests */ = {
			isa = PBXGroup;
			children = (
				05A4A9931E680E8600BF755C /* myImageUITests.swift */,
				05A4A9951E680E8600BF755C /* Info.plist */,
			);
			path = myImageUITests;
			sourceTree = "<group>";
		};
		05A4A9A11E68126D00BF755C /* Views */ = {
			isa = PBXGroup;
			children = (
			);
			name = Views;
			sourceTree = "<group>";
		};
		05A4A9A21E68133400BF755C /* Extensions */ = {
			isa = PBXGroup;
			children = (
			);
			name = Extensions;
			sourceTree = "<group>";
		};
		05A4A9A31E68133C00BF755C /* Controllers */ = {
			isa = PBXGroup;
			children = (
				05A4A9A81E68140E00BF755C /* LoginViewController.swift */,
			);
			name = Controllers;
			sourceTree = "<group>";
		};
		05A4A9A41E68134700BF755C /* Models */ = {
			isa = PBXGroup;
			children = (
			);
			name = Models;
			sourceTree = "<group>";
		};
		05A4A9A51E68134C00BF755C /* Resources */ = {
			isa = PBXGroup;
			children = (
				05A4A9731E680E8600BF755C /* AppDelegate.swift */,
				05A4A9771E680E8600BF755C /* Main.storyboard */,
				05A4A97A1E680E8600BF755C /* Assets.xcassets */,
				05A4A97C1E680E8600BF755C /* LaunchScreen.storyboard */,
				05A4A97F1E680E8600BF755C /* Info.plist */,
				05A4A9AC1E68192C00BF755C /* GoogleService-Info.plist */,
			);
			name = Resources;
			sourceTree = "<group>";
		};
		05A4A9A61E68135800BF755C /* ViewModels */ = {
			isa = PBXGroup;
			children = (
			);
			name = ViewModels;
			sourceTree = "<group>";
		};
		05A4A9A71E68136000BF755C /* Helpers */ = {
			isa = PBXGroup;
			children = (
			);
			name = Helpers;
			sourceTree = "<group>";
		};
		B55D14EB0E9427631150865C /* Pods */ = {
			isa = PBXGroup;
			children = (
				47B7B4CD724BCD7A067262AD /* Pods-myImage.debug.xcconfig */,
				8FF96B9A66C4DAB5E0F59470 /* Pods-myImage.release.xcconfig */,
				E674B8BBEA5A42656856BF48 /* Pods-myImageTests.debug.xcconfig */,
				EDB282EB2B93A96C489B5997 /* Pods-myImageTests.release.xcconfig */,
				2369AD3B2EEEF904703873CB /* Pods-myImageUITests.debug.xcconfig */,
				17C8D93C7DCD3C15D14C8D27 /* Pods-myImageUITests.release.xcconfig */,
			);
			name = Pods;
			sourceTree = "<group>";
		};
		B58E608F9FA389DEA6EDA43F /* Frameworks */ = {
			isa = PBXGroup;
			children = (
				EFAC0C1AB263B8A53E7C1897 /* Pods_myImage.framework */,
				5A08E7AE111F5F899ABA0B6D /* Pods_myImageTests.framework */,
				F29DF72AD5EEC9B11B3E2019 /* Pods_myImageUITests.framework */,
			);
			name = Frameworks;
			sourceTree = "<group>";
		};
/* End PBXGroup section */

/* Begin PBXNativeTarget section */
		05A4A96F1E680E8600BF755C /* myImage */ = {
			isa = PBXNativeTarget;
			buildConfigurationList = 05A4A9981E680E8600BF755C /* Build configuration list for PBXNativeTarget "myImage" */;
			buildPhases = (
				58778DC255828D7F61DEF25C /* [CP] Check Pods Manifest.lock */,
				05A4A96C1E680E8600BF755C /* Sources */,
				05A4A96D1E680E8600BF755C /* Frameworks */,
				05A4A96E1E680E8600BF755C /* Resources */,
				7214280DD9C9EE30ACEE6229 /* [CP] Embed Pods Frameworks */,
				A253E427C31FD498C370EA5C /* [CP] Copy Pods Resources */,
			);
			buildRules = (
			);
			dependencies = (
			);
			name = myImage;
			productName = myImage;
			productReference = 05A4A9701E680E8600BF755C /* myImage.app */;
			productType = "com.apple.product-type.application";
		};
		05A4A9831E680E8600BF755C /* myImageTests */ = {
			isa = PBXNativeTarget;
			buildConfigurationList = 05A4A99B1E680E8600BF755C /* Build configuration list for PBXNativeTarget "myImageTests" */;
			buildPhases = (
				C29A33875B6297F1D5B2C527 /* [CP] Check Pods Manifest.lock */,
				05A4A9801E680E8600BF755C /* Sources */,
				05A4A9811E680E8600BF755C /* Frameworks */,
				05A4A9821E680E8600BF755C /* Resources */,
				2E7A0758121524D163D04712 /* [CP] Embed Pods Frameworks */,
				F62C508B68EC0BA72EF054FF /* [CP] Copy Pods Resources */,
			);
			buildRules = (
			);
			dependencies = (
				05A4A9861E680E8600BF755C /* PBXTargetDependency */,
			);
			name = myImageTests;
			productName = myImageTests;
			productReference = 05A4A9841E680E8600BF755C /* myImageTests.xctest */;
			productType = "com.apple.product-type.bundle.unit-test";
		};
		05A4A98E1E680E8600BF755C /* myImageUITests */ = {
			isa = PBXNativeTarget;
			buildConfigurationList = 05A4A99E1E680E8600BF755C /* Build configuration list for PBXNativeTarget "myImageUITests" */;
			buildPhases = (
				97F9C7959BFF466B79F94E26 /* [CP] Check Pods Manifest.lock */,
				05A4A98B1E680E8600BF755C /* Sources */,
				05A4A98C1E680E8600BF755C /* Frameworks */,
				05A4A98D1E680E8600BF755C /* Resources */,
				D1A9EA0F056BCBB4C389A835 /* [CP] Embed Pods Frameworks */,
				6792836DA56E578989623FF8 /* [CP] Copy Pods Resources */,
			);
			buildRules = (
			);
			dependencies = (
				05A4A9911E680E8600BF755C /* PBXTargetDependency */,
			);
			name = myImageUITests;
			productName = myImageUITests;
			productReference = 05A4A98F1E680E8600BF755C /* myImageUITests.xctest */;
			productType = "com.apple.product-type.bundle.ui-testing";
		};
/* End PBXNativeTarget section */

/* Begin PBXProject section */
		05A4A9681E680E8600BF755C /* Project object */ = {
			isa = PBXProject;
			attributes = {
				LastSwiftUpdateCheck = 0820;
				LastUpgradeCheck = 0820;
				ORGANIZATIONNAME = damirkazbekov;
				TargetAttributes = {
					05A4A96F1E680E8600BF755C = {
						CreatedOnToolsVersion = 8.2.1;
						ProvisioningStyle = Automatic;
					};
					05A4A9831E680E8600BF755C = {
						CreatedOnToolsVersion = 8.2.1;
						ProvisioningStyle = Automatic;
						TestTargetID = 05A4A96F1E680E8600BF755C;
					};
					05A4A98E1E680E8600BF755C = {
						CreatedOnToolsVersion = 8.2.1;
						ProvisioningStyle = Automatic;
						TestTargetID = 05A4A96F1E680E8600BF755C;
					};
				};
			};
			buildConfigurationList = 05A4A96B1E680E8600BF755C /* Build configuration list for PBXProject "myImage" */;
			compatibilityVersion = "Xcode 3.2";
			developmentRegion = English;
			hasScannedForEncodings = 0;
			knownRegions = (
				en,
				Base,
			);
			mainGroup = 05A4A9671E680E8600BF755C;
			productRefGroup = 05A4A9711E680E8600BF755C /* Products */;
			projectDirPath = "";
			projectRoot = "";
			targets = (
				05A4A96F1E680E8600BF755C /* myImage */,
				05A4A9831E680E8600BF755C /* myImageTests */,
				05A4A98E1E680E8600BF755C /* myImageUITests */,
			);
		};
/* End PBXProject section */

/* Begin PBXResourcesBuildPhase section */
		05A4A96E1E680E8600BF755C /* Resources */ = {
			isa = PBXResourcesBuildPhase;
			buildActionMask = 2147483647;
			files = (
				05A4A97E1E680E8600BF755C /* LaunchScreen.storyboard in Resources */,
				05A4A9AD1E68192C00BF755C /* GoogleService-Info.plist in Resources */,
				05A4A97B1E680E8600BF755C /* Assets.xcassets in Resources */,
				05A4A9791E680E8600BF755C /* Main.storyboard in Resources */,
			);
			runOnlyForDeploymentPostprocessing = 0;
		};
		05A4A9821E680E8600BF755C /* Resources */ = {
			isa = PBXResourcesBuildPhase;
			buildActionMask = 2147483647;
			files = (
			);
			runOnlyForDeploymentPostprocessing = 0;
		};
		05A4A98D1E680E8600BF755C /* Resources */ = {
			isa = PBXResourcesBuildPhase;
			buildActionMask = 2147483647;
			files = (
			);
			runOnlyForDeploymentPostprocessing = 0;
		};
/* End PBXResourcesBuildPhase section */

/* Begin PBXShellScriptBuildPhase section */
		2E7A0758121524D163D04712 /* [CP] Embed Pods Frameworks */ = {
			isa = PBXShellScriptBuildPhase;
			buildActionMask = 2147483647;
			files = (
			);
			inputPaths = (
			);
			name = "[CP] Embed Pods Frameworks";
			outputPaths = (
			);
			runOnlyForDeploymentPostprocessing = 0;
			shellPath = /bin/sh;
			shellScript = "\"${SRCROOT}/Pods/Target Support Files/Pods-myImageTests/Pods-myImageTests-frameworks.sh\"\n";
			showEnvVarsInLog = 0;
		};
		58778DC255828D7F61DEF25C /* [CP] Check Pods Manifest.lock */ = {
			isa = PBXShellScriptBuildPhase;
			buildActionMask = 2147483647;
			files = (
			);
			inputPaths = (
			);
			name = "[CP] Check Pods Manifest.lock";
			outputPaths = (
			);
			runOnlyForDeploymentPostprocessing = 0;
			shellPath = /bin/sh;
			shellScript = "diff \"${PODS_ROOT}/../Podfile.lock\" \"${PODS_ROOT}/Manifest.lock\" > /dev/null\nif [ $? != 0 ] ; then\n    # print error to STDERR\n    echo \"error: The sandbox is not in sync with the Podfile.lock. Run 'pod install' or update your CocoaPods installation.\" >&2\n    exit 1\nfi\n";
			showEnvVarsInLog = 0;
		};
		6792836DA56E578989623FF8 /* [CP] Copy Pods Resources */ = {
			isa = PBXShellScriptBuildPhase;
			buildActionMask = 2147483647;
			files = (
			);
			inputPaths = (
			);
			name = "[CP] Copy Pods Resources";
			outputPaths = (
			);
			runOnlyForDeploymentPostprocessing = 0;
			shellPath = /bin/sh;
			shellScript = "\"${SRCROOT}/Pods/Target Support Files/Pods-myImageUITests/Pods-myImageUITests-resources.sh\"\n";
			showEnvVarsInLog = 0;
		};
		7214280DD9C9EE30ACEE6229 /* [CP] Embed Pods Frameworks */ = {
			isa = PBXShellScriptBuildPhase;
			buildActionMask = 2147483647;
			files = (
			);
			inputPaths = (
			);
			name = "[CP] Embed Pods Frameworks";
			outputPaths = (
			);
			runOnlyForDeploymentPostprocessing = 0;
			shellPath = /bin/sh;
			shellScript = "\"${SRCROOT}/Pods/Target Support Files/Pods-myImage/Pods-myImage-frameworks.sh\"\n";
			showEnvVarsInLog = 0;
		};
		97F9C7959BFF466B79F94E26 /* [CP] Check Pods Manifest.lock */ = {
			isa = PBXShellScriptBuildPhase;
			buildActionMask = 2147483647;
			files = (
			);
			inputPaths = (
			);
			name = "[CP] Check Pods Manifest.lock";
			outputPaths = (
			);
			runOnlyForDeploymentPostprocessing = 0;
			shellPath = /bin/sh;
			shellScript = "diff \"${PODS_ROOT}/../Podfile.lock\" \"${PODS_ROOT}/Manifest.lock\" > /dev/null\nif [ $? != 0 ] ; then\n    # print error to STDERR\n    echo \"error: The sandbox is not in sync with the Podfile.lock. Run 'pod install' or update your CocoaPods installation.\" >&2\n    exit 1\nfi\n";
			showEnvVarsInLog = 0;
		};
		A253E427C31FD498C370EA5C /* [CP] Copy Pods Resources */ = {
			isa = PBXShellScriptBuildPhase;
			buildActionMask = 2147483647;
			files = (
			);
			inputPaths = (
			);
			name = "[CP] Copy Pods Resources";
			outputPaths = (
			);
			runOnlyForDeploymentPostprocessing = 0;
			shellPath = /bin/sh;
			shellScript = "\"${SRCROOT}/Pods/Target Support Files/Pods-myImage/Pods-myImage-resources.sh\"\n";
			showEnvVarsInLog = 0;
		};
		C29A33875B6297F1D5B2C527 /* [CP] Check Pods Manifest.lock */ = {
			isa = PBXShellScriptBuildPhase;
			buildActionMask = 2147483647;
			files = (
			);
			inputPaths = (
			);
			name = "[CP] Check Pods Manifest.lock";
			outputPaths = (
			);
			runOnlyForDeploymentPostprocessing = 0;
			shellPath = /bin/sh;
			shellScript = "diff \"${PODS_ROOT}/../Podfile.lock\" \"${PODS_ROOT}/Manifest.lock\" > /dev/null\nif [ $? != 0 ] ; then\n    # print error to STDERR\n    echo \"error: The sandbox is not in sync with the Podfile.lock. Run 'pod install' or update your CocoaPods installation.\" >&2\n    exit 1\nfi\n";
			showEnvVarsInLog = 0;
		};
		D1A9EA0F056BCBB4C389A835 /* [CP] Embed Pods Frameworks */ = {
			isa = PBXShellScriptBuildPhase;
			buildActionMask = 2147483647;
			files = (
			);
			inputPaths = (
			);
			name = "[CP] Embed Pods Frameworks";
			outputPaths = (
			);
			runOnlyForDeploymentPostprocessing = 0;
			shellPath = /bin/sh;
			shellScript = "\"${SRCROOT}/Pods/Target Support Files/Pods-myImageUITests/Pods-myImageUITests-frameworks.sh\"\n";
			showEnvVarsInLog = 0;
		};
		F62C508B68EC0BA72EF054FF /* [CP] Copy Pods Resources */ = {
			isa = PBXShellScriptBuildPhase;
			buildActionMask = 2147483647;
			files = (
			);
			inputPaths = (
			);
			name = "[CP] Copy Pods Resources";
			outputPaths = (
			);
			runOnlyForDeploymentPostprocessing = 0;
			shellPath = /bin/sh;
			shellScript = "\"${SRCROOT}/Pods/Target Support Files/Pods-myImageTests/Pods-myImageTests-resources.sh\"\n";
			showEnvVarsInLog = 0;
		};
/* End PBXShellScriptBuildPhase section */

/* Begin PBXSourcesBuildPhase section */
		05A4A96C1E680E8600BF755C /* Sources */ = {
			isa = PBXSourcesBuildPhase;
			buildActionMask = 2147483647;
			files = (
				05A4A9A91E68140E00BF755C /* LoginViewController.swift in Sources */,
				05A4A9741E680E8600BF755C /* AppDelegate.swift in Sources */,
			);
			runOnlyForDeploymentPostprocessing = 0;
		};
		05A4A9801E680E8600BF755C /* Sources */ = {
			isa = PBXSourcesBuildPhase;
			buildActionMask = 2147483647;
			files = (
				05A4A9891E680E8600BF755C /* myImageTests.swift in Sources */,
			);
			runOnlyForDeploymentPostprocessing = 0;
		};
		05A4A98B1E680E8600BF755C /* Sources */ = {
			isa = PBXSourcesBuildPhase;
			buildActionMask = 2147483647;
			files = (
				05A4A9941E680E8600BF755C /* myImageUITests.swift in Sources */,
			);
			runOnlyForDeploymentPostprocessing = 0;
		};
/* End PBXSourcesBuildPhase section */

/* Begin PBXTargetDependency section */
		05A4A9861E680E8600BF755C /* PBXTargetDependency */ = {
			isa = PBXTargetDependency;
			target = 05A4A96F1E680E8600BF755C /* myImage */;
			targetProxy = 05A4A9851E680E8600BF755C /* PBXContainerItemProxy */;
		};
		05A4A9911E680E8600BF755C /* PBXTargetDependency */ = {
			isa = PBXTargetDependency;
			target = 05A4A96F1E680E8600BF755C /* myImage */;
			targetProxy = 05A4A9901E680E8600BF755C /* PBXContainerItemProxy */;
		};
/* End PBXTargetDependency section */

/* Begin PBXVariantGroup section */
		05A4A9771E680E8600BF755C /* Main.storyboard */ = {
			isa = PBXVariantGroup;
			children = (
				05A4A9781E680E8600BF755C /* Base */,
			);
			name = Main.storyboard;
			sourceTree = "<group>";
		};
		05A4A97C1E680E8600BF755C /* LaunchScreen.storyboard */ = {
			isa = PBXVariantGroup;
			children = (
				05A4A97D1E680E8600BF755C /* Base */,
			);
			name = LaunchScreen.storyboard;
			sourceTree = "<group>";
		};
/* End PBXVariantGroup section */

/* Begin XCBuildConfiguration section */
		05A4A9961E680E8600BF755C /* Debug */ = {
			isa = XCBuildConfiguration;
			buildSettings = {
				ALWAYS_SEARCH_USER_PATHS = NO;
				CLANG_ANALYZER_NONNULL = YES;
				CLANG_CXX_LANGUAGE_STANDARD = "gnu++0x";
				CLANG_CXX_LIBRARY = "libc++";
				CLANG_ENABLE_MODULES = YES;
				CLANG_ENABLE_OBJC_ARC = YES;
				CLANG_WARN_BOOL_CONVERSION = YES;
				CLANG_WARN_CONSTANT_CONVERSION = YES;
				CLANG_WARN_DIRECT_OBJC_ISA_USAGE = YES_ERROR;
				CLANG_WARN_DOCUMENTATION_COMMENTS = YES;
				CLANG_WARN_EMPTY_BODY = YES;
				CLANG_WARN_ENUM_CONVERSION = YES;
				CLANG_WARN_INFINITE_RECURSION = YES;
				CLANG_WARN_INT_CONVERSION = YES;
				CLANG_WARN_OBJC_ROOT_CLASS = YES_ERROR;
				CLANG_WARN_SUSPICIOUS_MOVE = YES;
				CLANG_WARN_UNREACHABLE_CODE = YES;
				CLANG_WARN__DUPLICATE_METHOD_MATCH = YES;
				"CODE_SIGN_IDENTITY[sdk=iphoneos*]" = "iPhone Developer";
				COPY_PHASE_STRIP = NO;
				DEBUG_INFORMATION_FORMAT = dwarf;
				ENABLE_STRICT_OBJC_MSGSEND = YES;
				ENABLE_TESTABILITY = YES;
				GCC_C_LANGUAGE_STANDARD = gnu99;
				GCC_DYNAMIC_NO_PIC = NO;
				GCC_NO_COMMON_BLOCKS = YES;
				GCC_OPTIMIZATION_LEVEL = 0;
				GCC_PREPROCESSOR_DEFINITIONS = (
					"DEBUG=1",
					"$(inherited)",
				);
				GCC_WARN_64_TO_32_BIT_CONVERSION = YES;
				GCC_WARN_ABOUT_RETURN_TYPE = YES_ERROR;
				GCC_WARN_UNDECLARED_SELECTOR = YES;
				GCC_WARN_UNINITIALIZED_AUTOS = YES_AGGRESSIVE;
				GCC_WARN_UNUSED_FUNCTION = YES;
				GCC_WARN_UNUSED_VARIABLE = YES;
				IPHONEOS_DEPLOYMENT_TARGET = 10.2;
				MTL_ENABLE_DEBUG_INFO = YES;
				ONLY_ACTIVE_ARCH = YES;
				SDKROOT = iphoneos;
				SWIFT_ACTIVE_COMPILATION_CONDITIONS = DEBUG;
				SWIFT_OPTIMIZATION_LEVEL = "-Onone";
				TARGETED_DEVICE_FAMILY = "1,2";
			};
			name = Debug;
		};
		05A4A9971E680E8600BF755C /* Release */ = {
			isa = XCBuildConfiguration;
			buildSettings = {
				ALWAYS_SEARCH_USER_PATHS = NO;
				CLANG_ANALYZER_NONNULL = YES;
				CLANG_CXX_LANGUAGE_STANDARD = "gnu++0x";
				CLANG_CXX_LIBRARY = "libc++";
				CLANG_ENABLE_MODULES = YES;
				CLANG_ENABLE_OBJC_ARC = YES;
				CLANG_WARN_BOOL_CONVERSION = YES;
				CLANG_WARN_CONSTANT_CONVERSION = YES;
				CLANG_WARN_DIRECT_OBJC_ISA_USAGE = YES_ERROR;
				CLANG_WARN_DOCUMENTATION_COMMENTS = YES;
				CLANG_WARN_EMPTY_BODY = YES;
				CLANG_WARN_ENUM_CONVERSION = YES;
				CLANG_WARN_INFINITE_RECURSION = YES;
				CLANG_WARN_INT_CONVERSION = YES;
				CLANG_WARN_OBJC_ROOT_CLASS = YES_ERROR;
				CLANG_WARN_SUSPICIOUS_MOVE = YES;
				CLANG_WARN_UNREACHABLE_CODE = YES;
				CLANG_WARN__DUPLICATE_METHOD_MATCH = YES;
				"CODE_SIGN_IDENTITY[sdk=iphoneos*]" = "iPhone Developer";
				COPY_PHASE_STRIP = NO;
				DEBUG_INFORMATION_FORMAT = "dwarf-with-dsym";
				ENABLE_NS_ASSERTIONS = NO;
				ENABLE_STRICT_OBJC_MSGSEND = YES;
				GCC_C_LANGUAGE_STANDARD = gnu99;
				GCC_NO_COMMON_BLOCKS = YES;
				GCC_WARN_64_TO_32_BIT_CONVERSION = YES;
				GCC_WARN_ABOUT_RETURN_TYPE = YES_ERROR;
				GCC_WARN_UNDECLARED_SELECTOR = YES;
				GCC_WARN_UNINITIALIZED_AUTOS = YES_AGGRESSIVE;
				GCC_WARN_UNUSED_FUNCTION = YES;
				GCC_WARN_UNUSED_VARIABLE = YES;
				IPHONEOS_DEPLOYMENT_TARGET = 10.2;
				MTL_ENABLE_DEBUG_INFO = NO;
				SDKROOT = iphoneos;
				SWIFT_OPTIMIZATION_LEVEL = "-Owholemodule";
				TARGETED_DEVICE_FAMILY = "1,2";
				VALIDATE_PRODUCT = YES;
			};
			name = Release;
		};
		05A4A9991E680E8600BF755C /* Debug */ = {
			isa = XCBuildConfiguration;
			baseConfigurationReference = 47B7B4CD724BCD7A067262AD /* Pods-myImage.debug.xcconfig */;
			buildSettings = {
				ASSETCATALOG_COMPILER_APPICON_NAME = AppIcon;
				INFOPLIST_FILE = myImage/Info.plist;
				LD_RUNPATH_SEARCH_PATHS = "$(inherited) @executable_path/Frameworks";
				PRODUCT_BUNDLE_IDENTIFIER = damirkazbekov.myImage;
				PRODUCT_NAME = "$(TARGET_NAME)";
				SWIFT_VERSION = 3.0;
			};
			name = Debug;
		};
		05A4A99A1E680E8600BF755C /* Release */ = {
			isa = XCBuildConfiguration;
			baseConfigurationReference = 8FF96B9A66C4DAB5E0F59470 /* Pods-myImage.release.xcconfig */;
			buildSettings = {
				ASSETCATALOG_COMPILER_APPICON_NAME = AppIcon;
				INFOPLIST_FILE = myImage/Info.plist;
				LD_RUNPATH_SEARCH_PATHS = "$(inherited) @executable_path/Frameworks";
				PRODUCT_BUNDLE_IDENTIFIER = damirkazbekov.myImage;
				PRODUCT_NAME = "$(TARGET_NAME)";
				SWIFT_VERSION = 3.0;
			};
			name = Release;
		};
		05A4A99C1E680E8600BF755C /* Debug */ = {
			isa = XCBuildConfiguration;
			baseConfigurationReference = E674B8BBEA5A42656856BF48 /* Pods-myImageTests.debug.xcconfig */;
			buildSettings = {
				ALWAYS_EMBED_SWIFT_STANDARD_LIBRARIES = YES;
				BUNDLE_LOADER = "$(TEST_HOST)";
				INFOPLIST_FILE = myImageTests/Info.plist;
				LD_RUNPATH_SEARCH_PATHS = "$(inherited) @executable_path/Frameworks @loader_path/Frameworks";
				PRODUCT_BUNDLE_IDENTIFIER = damirkazbekov.myImageTests;
				PRODUCT_NAME = "$(TARGET_NAME)";
				SWIFT_VERSION = 3.0;
				TEST_HOST = "$(BUILT_PRODUCTS_DIR)/myImage.app/myImage";
			};
			name = Debug;
		};
		05A4A99D1E680E8600BF755C /* Release */ = {
			isa = XCBuildConfiguration;
			baseConfigurationReference = EDB282EB2B93A96C489B5997 /* Pods-myImageTests.release.xcconfig */;
			buildSettings = {
				ALWAYS_EMBED_SWIFT_STANDARD_LIBRARIES = YES;
				BUNDLE_LOADER = "$(TEST_HOST)";
				INFOPLIST_FILE = myImageTests/Info.plist;
				LD_RUNPATH_SEARCH_PATHS = "$(inherited) @executable_path/Frameworks @loader_path/Frameworks";
				PRODUCT_BUNDLE_IDENTIFIER = damirkazbekov.myImageTests;
				PRODUCT_NAME = "$(TARGET_NAME)";
				SWIFT_VERSION = 3.0;
				TEST_HOST = "$(BUILT_PRODUCTS_DIR)/myImage.app/myImage";
			};
			name = Release;
		};
		05A4A99F1E680E8600BF755C /* Debug */ = {
			isa = XCBuildConfiguration;
			baseConfigurationReference = 2369AD3B2EEEF904703873CB /* Pods-myImageUITests.debug.xcconfig */;
			buildSettings = {
				ALWAYS_EMBED_SWIFT_STANDARD_LIBRARIES = YES;
				INFOPLIST_FILE = myImageUITests/Info.plist;
				LD_RUNPATH_SEARCH_PATHS = "$(inherited) @executable_path/Frameworks @loader_path/Frameworks";
				PRODUCT_BUNDLE_IDENTIFIER = damirkazbekov.myImageUITests;
				PRODUCT_NAME = "$(TARGET_NAME)";
				SWIFT_VERSION = 3.0;
				TEST_TARGET_NAME = myImage;
			};
			name = Debug;
		};
		05A4A9A01E680E8600BF755C /* Release */ = {
			isa = XCBuildConfiguration;
			baseConfigurationReference = 17C8D93C7DCD3C15D14C8D27 /* Pods-myImageUITests.release.xcconfig */;
			buildSettings = {
				ALWAYS_EMBED_SWIFT_STANDARD_LIBRARIES = YES;
				INFOPLIST_FILE = myImageUITests/Info.plist;
				LD_RUNPATH_SEARCH_PATHS = "$(inherited) @executable_path/Frameworks @loader_path/Frameworks";
				PRODUCT_BUNDLE_IDENTIFIER = damirkazbekov.myImageUITests;
				PRODUCT_NAME = "$(TARGET_NAME)";
				SWIFT_VERSION = 3.0;
				TEST_TARGET_NAME = myImage;
			};
			name = Release;
		};
/* End XCBuildConfiguration section */

/* Begin XCConfigurationList section */
		05A4A96B1E680E8600BF755C /* Build configuration list for PBXProject "myImage" */ = {
			isa = XCConfigurationList;
			buildConfigurations = (
				05A4A9961E680E8600BF755C /* Debug */,
				05A4A9971E680E8600BF755C /* Release */,
			);
			defaultConfigurationIsVisible = 0;
			defaultConfigurationName = Release;
		};
		05A4A9981E680E8600BF755C /* Build configuration list for PBXNativeTarget "myImage" */ = {
			isa = XCConfigurationList;
			buildConfigurations = (
				05A4A9991E680E8600BF755C /* Debug */,
				05A4A99A1E680E8600BF755C /* Release */,
			);
			defaultConfigurationIsVisible = 0;
			defaultConfigurationName = Release;
		};
		05A4A99B1E680E8600BF755C /* Build configuration list for PBXNativeTarget "myImageTests" */ = {
			isa = XCConfigurationList;
			buildConfigurations = (
				05A4A99C1E680E8600BF755C /* Debug */,
				05A4A99D1E680E8600BF755C /* Release */,
			);
			defaultConfigurationIsVisible = 0;
			defaultConfigurationName = Release;
		};
		05A4A99E1E680E8600BF755C /* Build configuration list for PBXNativeTarget "myImageUITests" */ = {
			isa = XCConfigurationList;
			buildConfigurations = (
				05A4A99F1E680E8600BF755C /* Debug */,
				05A4A9A01E680E8600BF755C /* Release */,
			);
			defaultConfigurationIsVisible = 0;
			defaultConfigurationName = Release;
		};
/* End XCConfigurationList section */
	};
	rootObject = 05A4A9681E680E8600BF755C /* Project object */;
}
